// !$*UTF8*$!
{
	archiveVersion = 1;
	classes = {
	};
	objectVersion = 56;
	objects = {

/* Begin PBXBuildFile section */
		DFF153F42B170C82006D4FD8 /* InstagramTutorialApp.swift in Sources */ = {isa = PBXBuildFile; fileRef = DFF153F32B170C82006D4FD8 /* InstagramTutorialApp.swift */; };
		DFF153F62B170C82006D4FD8 /* ContentView.swift in Sources */ = {isa = PBXBuildFile; fileRef = DFF153F52B170C82006D4FD8 /* ContentView.swift */; };
		DFF153F82B170C83006D4FD8 /* Assets.xcassets in Resources */ = {isa = PBXBuildFile; fileRef = DFF153F72B170C83006D4FD8 /* Assets.xcassets */; };
		DFF153FB2B170C83006D4FD8 /* Preview Assets.xcassets in Resources */ = {isa = PBXBuildFile; fileRef = DFF153FA2B170C83006D4FD8 /* Preview Assets.xcassets */; };
		DFFB5EC02B20C83E000A1A25 /* MainTabView.swift in Sources */ = {isa = PBXBuildFile; fileRef = DFFB5EBF2B20C83E000A1A25 /* MainTabView.swift */; };
		DFFB5EC22B20C978000A1A25 /* ProfileView.swift in Sources */ = {isa = PBXBuildFile; fileRef = DFFB5EC12B20C978000A1A25 /* ProfileView.swift */; };
		DFFB5EC52B20D543000A1A25 /* UserStatView.swift in Sources */ = {isa = PBXBuildFile; fileRef = DFFB5EC42B20D543000A1A25 /* UserStatView.swift */; };
		DFFB5EC72B219A7D000A1A25 /* FeedView.swift in Sources */ = {isa = PBXBuildFile; fileRef = DFFB5EC62B219A7D000A1A25 /* FeedView.swift */; };
		DFFB5EC92B219A91000A1A25 /* PostView.swift in Sources */ = {isa = PBXBuildFile; fileRef = DFFB5EC82B219A91000A1A25 /* PostView.swift */; };
/* End PBXBuildFile section */

/* Begin PBXFileReference section */
		DFF153F02B170C82006D4FD8 /* InstagramTutorial.app */ = {isa = PBXFileReference; explicitFileType = wrapper.application; includeInIndex = 0; path = InstagramTutorial.app; sourceTree = BUILT_PRODUCTS_DIR; };
		DFF153F32B170C82006D4FD8 /* InstagramTutorialApp.swift */ = {isa = PBXFileReference; lastKnownFileType = sourcecode.swift; path = InstagramTutorialApp.swift; sourceTree = "<group>"; };
		DFF153F52B170C82006D4FD8 /* ContentView.swift */ = {isa = PBXFileReference; lastKnownFileType = sourcecode.swift; path = ContentView.swift; sourceTree = "<group>"; };
		DFF153F72B170C83006D4FD8 /* Assets.xcassets */ = {isa = PBXFileReference; lastKnownFileType = folder.assetcatalog; path = Assets.xcassets; sourceTree = "<group>"; };
		DFF153FA2B170C83006D4FD8 /* Preview Assets.xcassets */ = {isa = PBXFileReference; lastKnownFileType = folder.assetcatalog; path = "Preview Assets.xcassets"; sourceTree = "<group>"; };
		DFFB5EBF2B20C83E000A1A25 /* MainTabView.swift */ = {isa = PBXFileReference; lastKnownFileType = sourcecode.swift; path = MainTabView.swift; sourceTree = "<group>"; };
		DFFB5EC12B20C978000A1A25 /* ProfileView.swift */ = {isa = PBXFileReference; lastKnownFileType = sourcecode.swift; path = ProfileView.swift; sourceTree = "<group>"; };
		DFFB5EC42B20D543000A1A25 /* UserStatView.swift */ = {isa = PBXFileReference; lastKnownFileType = sourcecode.swift; path = UserStatView.swift; sourceTree = "<group>"; };
		DFFB5EC62B219A7D000A1A25 /* FeedView.swift */ = {isa = PBXFileReference; lastKnownFileType = sourcecode.swift; path = FeedView.swift; sourceTree = "<group>"; };
		DFFB5EC82B219A91000A1A25 /* PostView.swift */ = {isa = PBXFileReference; lastKnownFileType = sourcecode.swift; path = PostView.swift; sourceTree = "<group>"; };
/* End PBXFileReference section */

/* Begin PBXFrameworksBuildPhase section */
		DFF153ED2B170C82006D4FD8 /* Frameworks */ = {
			isa = PBXFrameworksBuildPhase;
			buildActionMask = 2147483647;
			files = (
			);
			runOnlyForDeploymentPostprocessing = 0;
		};
/* End PBXFrameworksBuildPhase section */

/* Begin PBXGroup section */
		DFF153E72B170C82006D4FD8 = {
			isa = PBXGroup;
			children = (
				DFF153F22B170C82006D4FD8 /* InstagramTutorial */,
				DFF153F12B170C82006D4FD8 /* Products */,
			);
			sourceTree = "<group>";
		};
		DFF153F12B170C82006D4FD8 /* Products */ = {
			isa = PBXGroup;
			children = (
				DFF153F02B170C82006D4FD8 /* InstagramTutorial.app */,
			);
			name = Products;
			sourceTree = "<group>";
		};
		DFF153F22B170C82006D4FD8 /* InstagramTutorial */ = {
			isa = PBXGroup;
			children = (
				DFF154052B170CD8006D4FD8 /* Services */,
				DFF154042B170CCE006D4FD8 /* Model */,
				DFF154032B170CB6006D4FD8 /* Extensions */,
				DFF154022B170CAF006D4FD8 /* Core */,
				DFF154012B170C9A006D4FD8 /* App */,
				DFF153F52B170C82006D4FD8 /* ContentView.swift */,
				DFF153F72B170C83006D4FD8 /* Assets.xcassets */,
				DFF153F92B170C83006D4FD8 /* Preview Content */,
			);
			path = InstagramTutorial;
			sourceTree = "<group>";
		};
		DFF153F92B170C83006D4FD8 /* Preview Content */ = {
			isa = PBXGroup;
			children = (
				DFF153FA2B170C83006D4FD8 /* Preview Assets.xcassets */,
			);
			path = "Preview Content";
			sourceTree = "<group>";
		};
		DFF154012B170C9A006D4FD8 /* App */ = {
			isa = PBXGroup;
			children = (
				DFF153F32B170C82006D4FD8 /* InstagramTutorialApp.swift */,
			);
			path = App;
			sourceTree = "<group>";
		};
		DFF154022B170CAF006D4FD8 /* Core */ = {
			isa = PBXGroup;
			children = (
				DFFB5EC32B20D52B000A1A25 /* Components */,
				DFF1540C2B170D5E006D4FD8 /* UploadPost */,
				DFF1540B2B170D54006D4FD8 /* TabBar */,
				DFF1540A2B170D44006D4FD8 /* Search */,
				DFF154092B170D39006D4FD8 /* Root */,
				DFF154082B170D31006D4FD8 /* Profile */,
				DFF154072B170D2A006D4FD8 /* Feed */,
				DFF154062B170D1C006D4FD8 /* Authentication */,
			);
			path = Core;
			sourceTree = "<group>";
		};
		DFF154032B170CB6006D4FD8 /* Extensions */ = {
			isa = PBXGroup;
			children = (
			);
			path = Extensions;
			sourceTree = "<group>";
		};
		DFF154042B170CCE006D4FD8 /* Model */ = {
			isa = PBXGroup;
			children = (
			);
			path = Model;
			sourceTree = "<group>";
		};
		DFF154052B170CD8006D4FD8 /* Services */ = {
			isa = PBXGroup;
			children = (
			);
			path = Services;
			sourceTree = "<group>";
		};
		DFF154062B170D1C006D4FD8 /* Authentication */ = {
			isa = PBXGroup;
			children = (
			);
			path = Authentication;
			sourceTree = "<group>";
		};
		DFF154072B170D2A006D4FD8 /* Feed */ = {
			isa = PBXGroup;
			children = (
				DFFB5EC62B219A7D000A1A25 /* FeedView.swift */,
			);
			path = Feed;
			sourceTree = "<group>";
		};
		DFF154082B170D31006D4FD8 /* Profile */ = {
			isa = PBXGroup;
			children = (
				DFFB5EC12B20C978000A1A25 /* ProfileView.swift */,
			);
			path = Profile;
			sourceTree = "<group>";
		};
		DFF154092B170D39006D4FD8 /* Root */ = {
			isa = PBXGroup;
			children = (
			);
			path = Root;
			sourceTree = "<group>";
		};
		DFF1540A2B170D44006D4FD8 /* Search */ = {
			isa = PBXGroup;
			children = (
			);
			path = Search;
			sourceTree = "<group>";
		};
		DFF1540B2B170D54006D4FD8 /* TabBar */ = {
			isa = PBXGroup;
			children = (
				DFFB5EBF2B20C83E000A1A25 /* MainTabView.swift */,
			);
			path = TabBar;
			sourceTree = "<group>";
		};
		DFF1540C2B170D5E006D4FD8 /* UploadPost */ = {
			isa = PBXGroup;
			children = (
			);
			path = UploadPost;
			sourceTree = "<group>";
		};
		DFFB5EC32B20D52B000A1A25 /* Components */ = {
			isa = PBXGroup;
			children = (
				DFFB5EC42B20D543000A1A25 /* UserStatView.swift */,
				DFFB5EC82B219A91000A1A25 /* PostView.swift */,
			);
			path = Components;
			sourceTree = "<group>";
		};
/* End PBXGroup section */

/* Begin PBXNativeTarget section */
		DFF153EF2B170C82006D4FD8 /* InstagramTutorial */ = {
			isa = PBXNativeTarget;
			buildConfigurationList = DFF153FE2B170C83006D4FD8 /* Build configuration list for PBXNativeTarget "InstagramTutorial" */;
			buildPhases = (
				DFF153EC2B170C82006D4FD8 /* Sources */,
				DFF153ED2B170C82006D4FD8 /* Frameworks */,
				DFF153EE2B170C82006D4FD8 /* Resources */,
			);
			buildRules = (
			);
			dependencies = (
			);
			name = InstagramTutorial;
			productName = InstagramTutorial;
			productReference = DFF153F02B170C82006D4FD8 /* InstagramTutorial.app */;
			productType = "com.apple.product-type.application";
		};
/* End PBXNativeTarget section */

/* Begin PBXProject section */
		DFF153E82B170C82006D4FD8 /* Project object */ = {
			isa = PBXProject;
			attributes = {
				BuildIndependentTargetsInParallel = 1;
				LastSwiftUpdateCheck = 1500;
				LastUpgradeCheck = 1500;
				TargetAttributes = {
					DFF153EF2B170C82006D4FD8 = {
						CreatedOnToolsVersion = 15.0.1;
					};
				};
			};
			buildConfigurationList = DFF153EB2B170C82006D4FD8 /* Build configuration list for PBXProject "InstagramTutorial" */;
			compatibilityVersion = "Xcode 14.0";
			developmentRegion = en;
			hasScannedForEncodings = 0;
			knownRegions = (
				en,
				Base,
			);
			mainGroup = DFF153E72B170C82006D4FD8;
			productRefGroup = DFF153F12B170C82006D4FD8 /* Products */;
			projectDirPath = "";
			projectRoot = "";
			targets = (
				DFF153EF2B170C82006D4FD8 /* InstagramTutorial */,
			);
		};
/* End PBXProject section */

/* Begin PBXResourcesBuildPhase section */
		DFF153EE2B170C82006D4FD8 /* Resources */ = {
			isa = PBXResourcesBuildPhase;
			buildActionMask = 2147483647;
			files = (
				DFF153FB2B170C83006D4FD8 /* Preview Assets.xcassets in Resources */,
				DFF153F82B170C83006D4FD8 /* Assets.xcassets in Resources */,
			);
			runOnlyForDeploymentPostprocessing = 0;
		};
/* End PBXResourcesBuildPhase section */

/* Begin PBXSourcesBuildPhase section */
		DFF153EC2B170C82006D4FD8 /* Sources */ = {
			isa = PBXSourcesBuildPhase;
			buildActionMask = 2147483647;
			files = (
				DFFB5EC92B219A91000A1A25 /* PostView.swift in Sources */,
				DFFB5EC22B20C978000A1A25 /* ProfileView.swift in Sources */,
				DFF153F62B170C82006D4FD8 /* ContentView.swift in Sources */,
				DFF153F42B170C82006D4FD8 /* InstagramTutorialApp.swift in Sources */,
				DFFB5EC52B20D543000A1A25 /* UserStatView.swift in Sources */,
				DFFB5EC72B219A7D000A1A25 /* FeedView.swift in Sources */,
				DFFB5EC02B20C83E000A1A25 /* MainTabView.swift in Sources */,
			);
			runOnlyForDeploymentPostprocessing = 0;
		};
/* End PBXSourcesBuildPhase section */

/* Begin XCBuildConfiguration section */
		DFF153FC2B170C83006D4FD8 /* Debug */ = {
			isa = XCBuildConfiguration;
			buildSettings = {
				ALWAYS_SEARCH_USER_PATHS = NO;
				ASSETCATALOG_COMPILER_GENERATE_SWIFT_ASSET_SYMBOL_EXTENSIONS = YES;
				CLANG_ANALYZER_NONNULL = YES;
				CLANG_ANALYZER_NUMBER_OBJECT_CONVERSION = YES_AGGRESSIVE;
				CLANG_CXX_LANGUAGE_STANDARD = "gnu++20";
				CLANG_ENABLE_MODULES = YES;
				CLANG_ENABLE_OBJC_ARC = YES;
				CLANG_ENABLE_OBJC_WEAK = YES;
				CLANG_WARN_BLOCK_CAPTURE_AUTORELEASING = YES;
				CLANG_WARN_BOOL_CONVERSION = YES;
				CLANG_WARN_COMMA = YES;
				CLANG_WARN_CONSTANT_CONVERSION = YES;
				CLANG_WARN_DEPRECATED_OBJC_IMPLEMENTATIONS = YES;
				CLANG_WARN_DIRECT_OBJC_ISA_USAGE = YES_ERROR;
				CLANG_WARN_DOCUMENTATION_COMMENTS = YES;
				CLANG_WARN_EMPTY_BODY = YES;
				CLANG_WARN_ENUM_CONVERSION = YES;
				CLANG_WARN_INFINITE_RECURSION = YES;
				CLANG_WARN_INT_CONVERSION = YES;
				CLANG_WARN_NON_LITERAL_NULL_CONVERSION = YES;
				CLANG_WARN_OBJC_IMPLICIT_RETAIN_SELF = YES;
				CLANG_WARN_OBJC_LITERAL_CONVERSION = YES;
				CLANG_WARN_OBJC_ROOT_CLASS = YES_ERROR;
				CLANG_WARN_QUOTED_INCLUDE_IN_FRAMEWORK_HEADER = YES;
				CLANG_WARN_RANGE_LOOP_ANALYSIS = YES;
				CLANG_WARN_STRICT_PROTOTYPES = YES;
				CLANG_WARN_SUSPICIOUS_MOVE = YES;
				CLANG_WARN_UNGUARDED_AVAILABILITY = YES_AGGRESSIVE;
				CLANG_WARN_UNREACHABLE_CODE = YES;
				CLANG_WARN__DUPLICATE_METHOD_MATCH = YES;
				COPY_PHASE_STRIP = NO;
				DEBUG_INFORMATION_FORMAT = dwarf;
				ENABLE_STRICT_OBJC_MSGSEND = YES;
				ENABLE_TESTABILITY = YES;
				ENABLE_USER_SCRIPT_SANDBOXING = YES;
				GCC_C_LANGUAGE_STANDARD = gnu17;
				GCC_DYNAMIC_NO_PIC = NO;
				GCC_NO_COMMON_BLOCKS = YES;
				GCC_OPTIMIZATION_LEVEL = 0;
				GCC_PREPROCESSOR_DEFINITIONS = (
					"DEBUG=1",
					"$(inherited)",
				);
				GCC_WARN_64_TO_32_BIT_CONVERSION = YES;
				GCC_WARN_ABOUT_RETURN_TYPE = YES_ERROR;
				GCC_WARN_UNDECLARED_SELECTOR = YES;
				GCC_WARN_UNINITIALIZED_AUTOS = YES_AGGRESSIVE;
				GCC_WARN_UNUSED_FUNCTION = YES;
				GCC_WARN_UNUSED_VARIABLE = YES;
				IPHONEOS_DEPLOYMENT_TARGET = 17.0;
				LOCALIZATION_PREFERS_STRING_CATALOGS = YES;
				MTL_ENABLE_DEBUG_INFO = INCLUDE_SOURCE;
				MTL_FAST_MATH = YES;
				ONLY_ACTIVE_ARCH = YES;
				SDKROOT = iphoneos;
				SWIFT_ACTIVE_COMPILATION_CONDITIONS = "DEBUG $(inherited)";
				SWIFT_OPTIMIZATION_LEVEL = "-Onone";
			};
			name = Debug;
		};
		DFF153FD2B170C83006D4FD8 /* Release */ = {
			isa = XCBuildConfiguration;
			buildSettings = {
				ALWAYS_SEARCH_USER_PATHS = NO;
				ASSETCATALOG_COMPILER_GENERATE_SWIFT_ASSET_SYMBOL_EXTENSIONS = YES;
				CLANG_ANALYZER_NONNULL = YES;
				CLANG_ANALYZER_NUMBER_OBJECT_CONVERSION = YES_AGGRESSIVE;
				CLANG_CXX_LANGUAGE_STANDARD = "gnu++20";
				CLANG_ENABLE_MODULES = YES;
				CLANG_ENABLE_OBJC_ARC = YES;
				CLANG_ENABLE_OBJC_WEAK = YES;
				CLANG_WARN_BLOCK_CAPTURE_AUTORELEASING = YES;
				CLANG_WARN_BOOL_CONVERSION = YES;
				CLANG_WARN_COMMA = YES;
				CLANG_WARN_CONSTANT_CONVERSION = YES;
				CLANG_WARN_DEPRECATED_OBJC_IMPLEMENTATIONS = YES;
				CLANG_WARN_DIRECT_OBJC_ISA_USAGE = YES_ERROR;
				CLANG_WARN_DOCUMENTATION_COMMENTS = YES;
				CLANG_WARN_EMPTY_BODY = YES;
				CLANG_WARN_ENUM_CONVERSION = YES;
				CLANG_WARN_INFINITE_RECURSION = YES;
				CLANG_WARN_INT_CONVERSION = YES;
				CLANG_WARN_NON_LITERAL_NULL_CONVERSION = YES;
				CLANG_WARN_OBJC_IMPLICIT_RETAIN_SELF = YES;
				CLANG_WARN_OBJC_LITERAL_CONVERSION = YES;
				CLANG_WARN_OBJC_ROOT_CLASS = YES_ERROR;
				CLANG_WARN_QUOTED_INCLUDE_IN_FRAMEWORK_HEADER = YES;
				CLANG_WARN_RANGE_LOOP_ANALYSIS = YES;
				CLANG_WARN_STRICT_PROTOTYPES = YES;
				CLANG_WARN_SUSPICIOUS_MOVE = YES;
				CLANG_WARN_UNGUARDED_AVAILABILITY = YES_AGGRESSIVE;
				CLANG_WARN_UNREACHABLE_CODE = YES;
				CLANG_WARN__DUPLICATE_METHOD_MATCH = YES;
				COPY_PHASE_STRIP = NO;
				DEBUG_INFORMATION_FORMAT = "dwarf-with-dsym";
				ENABLE_NS_ASSERTIONS = NO;
				ENABLE_STRICT_OBJC_MSGSEND = YES;
				ENABLE_USER_SCRIPT_SANDBOXING = YES;
				GCC_C_LANGUAGE_STANDARD = gnu17;
				GCC_NO_COMMON_BLOCKS = YES;
				GCC_WARN_64_TO_32_BIT_CONVERSION = YES;
				GCC_WARN_ABOUT_RETURN_TYPE = YES_ERROR;
				GCC_WARN_UNDECLARED_SELECTOR = YES;
				GCC_WARN_UNINITIALIZED_AUTOS = YES_AGGRESSIVE;
				GCC_WARN_UNUSED_FUNCTION = YES;
				GCC_WARN_UNUSED_VARIABLE = YES;
				IPHONEOS_DEPLOYMENT_TARGET = 17.0;
				LOCALIZATION_PREFERS_STRING_CATALOGS = YES;
				MTL_ENABLE_DEBUG_INFO = NO;
				MTL_FAST_MATH = YES;
				SDKROOT = iphoneos;
				SWIFT_COMPILATION_MODE = wholemodule;
				VALIDATE_PRODUCT = YES;
			};
			name = Release;
		};
		DFF153FF2B170C83006D4FD8 /* Debug */ = {
			isa = XCBuildConfiguration;
			buildSettings = {
				ASSETCATALOG_COMPILER_APPICON_NAME = AppIcon;
				ASSETCATALOG_COMPILER_GLOBAL_ACCENT_COLOR_NAME = AccentColor;
				CODE_SIGN_STYLE = Automatic;
				CURRENT_PROJECT_VERSION = 1;
				DEVELOPMENT_ASSET_PATHS = "\"InstagramTutorial/Preview Content\"";
				DEVELOPMENT_TEAM = 72K6995X6Z;
				ENABLE_PREVIEWS = YES;
				GENERATE_INFOPLIST_FILE = YES;
				INFOPLIST_KEY_UIApplicationSceneManifest_Generation = YES;
				INFOPLIST_KEY_UIApplicationSupportsIndirectInputEvents = YES;
				INFOPLIST_KEY_UILaunchScreen_Generation = YES;
				INFOPLIST_KEY_UISupportedInterfaceOrientations_iPad = "UIInterfaceOrientationPortrait UIInterfaceOrientationPortraitUpsideDown UIInterfaceOrientationLandscapeLeft UIInterfaceOrientationLandscapeRight";
				INFOPLIST_KEY_UISupportedInterfaceOrientations_iPhone = "UIInterfaceOrientationPortrait UIInterfaceOrientationLandscapeLeft UIInterfaceOrientationLandscapeRight";
				LD_RUNPATH_SEARCH_PATHS = (
					"$(inherited)",
					"@executable_path/Frameworks",
				);
				MARKETING_VERSION = 1.0;
				PRODUCT_BUNDLE_IDENTIFIER = comviva.InstagramTutorial;
				PRODUCT_NAME = "$(TARGET_NAME)";
				SWIFT_EMIT_LOC_STRINGS = YES;
				SWIFT_VERSION = 5.0;
				TARGETED_DEVICE_FAMILY = "1,2";
			};
			name = Debug;
		};
		DFF154002B170C83006D4FD8 /* Release */ = {
			isa = XCBuildConfiguration;
			buildSettings = {
				ASSETCATALOG_COMPILER_APPICON_NAME = AppIcon;
				ASSETCATALOG_COMPILER_GLOBAL_ACCENT_COLOR_NAME = AccentColor;
				CODE_SIGN_STYLE = Automatic;
				CURRENT_PROJECT_VERSION = 1;
				DEVELOPMENT_ASSET_PATHS = "\"InstagramTutorial/Preview Content\"";
				DEVELOPMENT_TEAM = 72K6995X6Z;
				ENABLE_PREVIEWS = YES;
				GENERATE_INFOPLIST_FILE = YES;
				INFOPLIST_KEY_UIApplicationSceneManifest_Generation = YES;
				INFOPLIST_KEY_UIApplicationSupportsIndirectInputEvents = YES;
				INFOPLIST_KEY_UILaunchScreen_Generation = YES;
				INFOPLIST_KEY_UISupportedInterfaceOrientations_iPad = "UIInterfaceOrientationPortrait UIInterfaceOrientationPortraitUpsideDown UIInterfaceOrientationLandscapeLeft UIInterfaceOrientationLandscapeRight";
				INFOPLIST_KEY_UISupportedInterfaceOrientations_iPhone = "UIInterfaceOrientationPortrait UIInterfaceOrientationLandscapeLeft UIInterfaceOrientationLandscapeRight";
				LD_RUNPATH_SEARCH_PATHS = (
					"$(inherited)",
					"@executable_path/Frameworks",
				);
				MARKETING_VERSION = 1.0;
				PRODUCT_BUNDLE_IDENTIFIER = comviva.InstagramTutorial;
				PRODUCT_NAME = "$(TARGET_NAME)";
				SWIFT_EMIT_LOC_STRINGS = YES;
				SWIFT_VERSION = 5.0;
				TARGETED_DEVICE_FAMILY = "1,2";
			};
			name = Release;
		};
/* End XCBuildConfiguration section */

/* Begin XCConfigurationList section */
		DFF153EB2B170C82006D4FD8 /* Build configuration list for PBXProject "InstagramTutorial" */ = {
			isa = XCConfigurationList;
			buildConfigurations = (
				DFF153FC2B170C83006D4FD8 /* Debug */,
				DFF153FD2B170C83006D4FD8 /* Release */,
			);
			defaultConfigurationIsVisible = 0;
			defaultConfigurationName = Release;
		};
		DFF153FE2B170C83006D4FD8 /* Build configuration list for PBXNativeTarget "InstagramTutorial" */ = {
			isa = XCConfigurationList;
			buildConfigurations = (
				DFF153FF2B170C83006D4FD8 /* Debug */,
				DFF154002B170C83006D4FD8 /* Release */,
			);
			defaultConfigurationIsVisible = 0;
			defaultConfigurationName = Release;
		};
/* End XCConfigurationList section */
	};
	rootObject = DFF153E82B170C82006D4FD8 /* Project object */;
}
